{
  "name": "grid-creator",
  "version": "1.0.0",
  "lockfileVersion": 3,
  "requires": true,
  "packages": {
    "": {
      "name": "grid-creator",
      "version": "1.0.0",
      "devDependencies": {
        "@figma/plugin-typings": "*",
        "typescript": "*"
      }
    },
    "node_modules/@figma/plugin-typings": {
      "version": "1.62.0",
      "dev": true,
      "license": "MIT License"
    },
    "node_modules/typescript": {
      "dev": true
    }
  }
}
